<Solution>
  <Project Path="Phonebook_MCP.AppHost/Phonebook_MCP.AppHost.csproj" />
  <Project Path="Phonebook_MCP.ServiceDefaults/Phonebook_MCP.ServiceDefaults.csproj" />
  <Project Path="Phonebook_MCP/Phonebook_MCP.csproj" />
  <Project Path="Phonebook_MCP.Tests/Phonebook_MCP.Tests.csproj" />
</Solution>
